// !$*UTF8*$!
{
	archiveVersion = 1;
	classes = {
	};
	objectVersion = 56;
	objects = {

/* Begin PBXBuildFile section */
		958208B12CB6A1C000F8B4F2 /* AppDelegate.swift in Sources */ = {isa = PBXBuildFile; fileRef = 958208A72CB6A1C000F8B4F2 /* AppDelegate.swift */; };
		958208B22CB6A1C000F8B4F2 /* SceneDelegate.swift in Sources */ = {isa = PBXBuildFile; fileRef = 958208AE2CB6A1C000F8B4F2 /* SceneDelegate.swift */; };
		958208B32CB6A1C000F8B4F2 /* ViewController.swift in Sources */ = {isa = PBXBuildFile; fileRef = 958208AF2CB6A1C000F8B4F2 /* ViewController.swift */; };
		958208B42CB6A1C000F8B4F2 /* Assets.xcassets in Resources */ = {isa = PBXBuildFile; fileRef = 958208A82CB6A1C000F8B4F2 /* Assets.xcassets */; };
		958208B62CB6A1C000F8B4F2 /* LaunchScreen.storyboard in Resources */ = {isa = PBXBuildFile; fileRef = 958208AB2CB6A1C000F8B4F2 /* LaunchScreen.storyboard */; };
		958208B72CB6A1C000F8B4F2 /* Main.storyboard in Resources */ = {isa = PBXBuildFile; fileRef = 958208AD2CB6A1C000F8B4F2 /* Main.storyboard */; };
		B7739535DD323269D26FF790 /* Pods_MYLoggerExample.framework in Frameworks */ = {isa = PBXBuildFile; fileRef = 498AA9F907CD6D83A876A778 /* Pods_MYLoggerExample.framework */; };
/* End PBXBuildFile section */

/* Begin PBXFileReference section */
		0AFEEB8CBC34DA9A30A110A6 /* Pods-MYLoggerExample.release.xcconfig */ = {isa = PBXFileReference; includeInIndex = 1; lastKnownFileType = text.xcconfig; name = "Pods-MYLoggerExample.release.xcconfig"; path = "Target Support Files/Pods-MYLoggerExample/Pods-MYLoggerExample.release.xcconfig"; sourceTree = "<group>"; };
		498AA9F907CD6D83A876A778 /* Pods_MYLoggerExample.framework */ = {isa = PBXFileReference; explicitFileType = wrapper.framework; includeInIndex = 0; path = Pods_MYLoggerExample.framework; sourceTree = BUILT_PRODUCTS_DIR; };
		9582088F2CB6A1BB00F8B4F2 /* MYLoggerExample.app */ = {isa = PBXFileReference; explicitFileType = wrapper.application; includeInIndex = 0; path = MYLoggerExample.app; sourceTree = BUILT_PRODUCTS_DIR; };
		958208A72CB6A1C000F8B4F2 /* AppDelegate.swift */ = {isa = PBXFileReference; lastKnownFileType = sourcecode.swift; path = AppDelegate.swift; sourceTree = "<group>"; };
		958208A82CB6A1C000F8B4F2 /* Assets.xcassets */ = {isa = PBXFileReference; lastKnownFileType = folder.assetcatalog; path = Assets.xcassets; sourceTree = "<group>"; };
		958208A92CB6A1C000F8B4F2 /* Info.plist */ = {isa = PBXFileReference; lastKnownFileType = text.plist.xml; path = Info.plist; sourceTree = "<group>"; };
		958208AA2CB6A1C000F8B4F2 /* Base */ = {isa = PBXFileReference; lastKnownFileType = file.storyboard; name = Base; path = Base.lproj/LaunchScreen.storyboard; sourceTree = "<group>"; };
		958208AC2CB6A1C000F8B4F2 /* Base */ = {isa = PBXFileReference; lastKnownFileType = file.storyboard; name = Base; path = Base.lproj/Main.storyboard; sourceTree = "<group>"; };
		958208AE2CB6A1C000F8B4F2 /* SceneDelegate.swift */ = {isa = PBXFileReference; lastKnownFileType = sourcecode.swift; path = SceneDelegate.swift; sourceTree = "<group>"; };
		958208AF2CB6A1C000F8B4F2 /* ViewController.swift */ = {isa = PBXFileReference; lastKnownFileType = sourcecode.swift; path = ViewController.swift; sourceTree = "<group>"; };
		AC38F3B69407A00C46EFC7ED /* Pods-MYLoggerExample.debug.xcconfig */ = {isa = PBXFileReference; includeInIndex = 1; lastKnownFileType = text.xcconfig; name = "Pods-MYLoggerExample.debug.xcconfig"; path = "Target Support Files/Pods-MYLoggerExample/Pods-MYLoggerExample.debug.xcconfig"; sourceTree = "<group>"; };
/* End PBXFileReference section */

/* Begin PBXFrameworksBuildPhase section */
		9582088C2CB6A1BB00F8B4F2 /* Frameworks */ = {
			isa = PBXFrameworksBuildPhase;
			buildActionMask = 2147483647;
			files = (
				B7739535DD323269D26FF790 /* Pods_MYLoggerExample.framework in Frameworks */,
			);
			runOnlyForDeploymentPostprocessing = 0;
		};
/* End PBXFrameworksBuildPhase section */

/* Begin PBXGroup section */
		50DC858C58777D744CCD8F45 /* Pods */ = {
			isa = PBXGroup;
			children = (
				AC38F3B69407A00C46EFC7ED /* Pods-MYLoggerExample.debug.xcconfig */,
				0AFEEB8CBC34DA9A30A110A6 /* Pods-MYLoggerExample.release.xcconfig */,
			);
			path = Pods;
			sourceTree = "<group>";
		};
		7FA5A89ADD2DE61EC1C5954F /* Frameworks */ = {
			isa = PBXGroup;
			children = (
				498AA9F907CD6D83A876A778 /* Pods_MYLoggerExample.framework */,
			);
			name = Frameworks;
			sourceTree = "<group>";
		};
		958208862CB6A1BB00F8B4F2 = {
			isa = PBXGroup;
			children = (
				958208B02CB6A1C000F8B4F2 /* MYLoggerExample */,
				958208902CB6A1BB00F8B4F2 /* Products */,
				50DC858C58777D744CCD8F45 /* Pods */,
				7FA5A89ADD2DE61EC1C5954F /* Frameworks */,
			);
			sourceTree = "<group>";
		};
		958208902CB6A1BB00F8B4F2 /* Products */ = {
			isa = PBXGroup;
			children = (
				9582088F2CB6A1BB00F8B4F2 /* MYLoggerExample.app */,
			);
			name = Products;
			sourceTree = "<group>";
		};
		958208B02CB6A1C000F8B4F2 /* MYLoggerExample */ = {
			isa = PBXGroup;
			children = (
				958208A72CB6A1C000F8B4F2 /* AppDelegate.swift */,
				958208A82CB6A1C000F8B4F2 /* Assets.xcassets */,
				958208A92CB6A1C000F8B4F2 /* Info.plist */,
				958208AB2CB6A1C000F8B4F2 /* LaunchScreen.storyboard */,
				958208AD2CB6A1C000F8B4F2 /* Main.storyboard */,
				958208AE2CB6A1C000F8B4F2 /* SceneDelegate.swift */,
				958208AF2CB6A1C000F8B4F2 /* ViewController.swift */,
			);
			path = MYLoggerExample;
			sourceTree = "<group>";
		};
/* End PBXGroup section */

/* Begin PBXNativeTarget section */
		9582088E2CB6A1BB00F8B4F2 /* MYLoggerExample */ = {
			isa = PBXNativeTarget;
			buildConfigurationList = 958208A22CB6A1BD00F8B4F2 /* Build configuration list for PBXNativeTarget "MYLoggerExample" */;
			buildPhases = (
				52C3D0D099FB8ED06FA17D13 /* [CP] Check Pods Manifest.lock */,
				9582088B2CB6A1BB00F8B4F2 /* Sources */,
				9582088C2CB6A1BB00F8B4F2 /* Frameworks */,
				9582088D2CB6A1BB00F8B4F2 /* Resources */,
				2F26FDC0551167D0E6F97966 /* [CP] Embed Pods Frameworks */,
			);
			buildRules = (
			);
			dependencies = (
			);
			name = MYLoggerExample;
			productName = MYLoggerExample;
			productReference = 9582088F2CB6A1BB00F8B4F2 /* MYLoggerExample.app */;
			productType = "com.apple.product-type.application";
		};
/* End PBXNativeTarget section */

/* Begin PBXProject section */
		958208872CB6A1BB00F8B4F2 /* Project object */ = {
			isa = PBXProject;
			attributes = {
				BuildIndependentTargetsInParallel = 1;
				LastSwiftUpdateCheck = 1600;
				LastUpgradeCheck = 1600;
				TargetAttributes = {
					9582088E2CB6A1BB00F8B4F2 = {
						CreatedOnToolsVersion = 16.0;
					};
				};
			};
			buildConfigurationList = 9582088A2CB6A1BB00F8B4F2 /* Build configuration list for PBXProject "MYLoggerExample" */;
			compatibilityVersion = "Xcode 14.0";
			developmentRegion = en;
			hasScannedForEncodings = 0;
			knownRegions = (
				en,
				Base,
			);
			mainGroup = 958208862CB6A1BB00F8B4F2;
			productRefGroup = 958208902CB6A1BB00F8B4F2 /* Products */;
			projectDirPath = "";
			projectRoot = "";
			targets = (
				9582088E2CB6A1BB00F8B4F2 /* MYLoggerExample */,
			);
		};
/* End PBXProject section */

/* Begin PBXResourcesBuildPhase section */
		9582088D2CB6A1BB00F8B4F2 /* Resources */ = {
			isa = PBXResourcesBuildPhase;
			buildActionMask = 2147483647;
			files = (
				958208B42CB6A1C000F8B4F2 /* Assets.xcassets in Resources */,
				958208B62CB6A1C000F8B4F2 /* LaunchScreen.storyboard in Resources */,
				958208B72CB6A1C000F8B4F2 /* Main.storyboard in Resources */,
			);
			runOnlyForDeploymentPostprocessing = 0;
		};
/* End PBXResourcesBuildPhase section */

/* Begin PBXShellScriptBuildPhase section */
		2F26FDC0551167D0E6F97966 /* [CP] Embed Pods Frameworks */ = {
			isa = PBXShellScriptBuildPhase;
			buildActionMask = 2147483647;
			files = (
			);
			inputFileListPaths = (
				"${PODS_ROOT}/Target Support Files/Pods-MYLoggerExample/Pods-MYLoggerExample-frameworks-${CONFIGURATION}-input-files.xcfilelist",
			);
			name = "[CP] Embed Pods Frameworks";
			outputFileListPaths = (
				"${PODS_ROOT}/Target Support Files/Pods-MYLoggerExample/Pods-MYLoggerExample-frameworks-${CONFIGURATION}-output-files.xcfilelist",
			);
			runOnlyForDeploymentPostprocessing = 0;
			shellPath = /bin/sh;
			shellScript = "\"${PODS_ROOT}/Target Support Files/Pods-MYLoggerExample/Pods-MYLoggerExample-frameworks.sh\"\n";
			showEnvVarsInLog = 0;
		};
		52C3D0D099FB8ED06FA17D13 /* [CP] Check Pods Manifest.lock */ = {
			isa = PBXShellScriptBuildPhase;
			buildActionMask = 2147483647;
			files = (
			);
			inputFileListPaths = (
			);
			inputPaths = (
				"${PODS_PODFILE_DIR_PATH}/Podfile.lock",
				"${PODS_ROOT}/Manifest.lock",
			);
			name = "[CP] Check Pods Manifest.lock";
			outputFileListPaths = (
			);
			outputPaths = (
				"$(DERIVED_FILE_DIR)/Pods-MYLoggerExample-checkManifestLockResult.txt",
			);
			runOnlyForDeploymentPostprocessing = 0;
			shellPath = /bin/sh;
			shellScript = "diff \"${PODS_PODFILE_DIR_PATH}/Podfile.lock\" \"${PODS_ROOT}/Manifest.lock\" > /dev/null\nif [ $? != 0 ] ; then\n    # print error to STDERR\n    echo \"error: The sandbox is not in sync with the Podfile.lock. Run 'pod install' or update your CocoaPods installation.\" >&2\n    exit 1\nfi\n# This output is used by Xcode 'outputs' to avoid re-running this script phase.\necho \"SUCCESS\" > \"${SCRIPT_OUTPUT_FILE_0}\"\n";
			showEnvVarsInLog = 0;
		};
/* End PBXShellScriptBuildPhase section */

/* Begin PBXSourcesBuildPhase section */
		9582088B2CB6A1BB00F8B4F2 /* Sources */ = {
			isa = PBXSourcesBuildPhase;
			buildActionMask = 2147483647;
			files = (
				958208B12CB6A1C000F8B4F2 /* AppDelegate.swift in Sources */,
				958208B22CB6A1C000F8B4F2 /* SceneDelegate.swift in Sources */,
				958208B32CB6A1C000F8B4F2 /* ViewController.swift in Sources */,
			);
			runOnlyForDeploymentPostprocessing = 0;
		};
/* End PBXSourcesBuildPhase section */

/* Begin PBXVariantGroup section */
		958208AB2CB6A1C000F8B4F2 /* LaunchScreen.storyboard */ = {
			isa = PBXVariantGroup;
			children = (
				958208AA2CB6A1C000F8B4F2 /* Base */,
			);
			name = LaunchScreen.storyboard;
			sourceTree = "<group>";
		};
		958208AD2CB6A1C000F8B4F2 /* Main.storyboard */ = {
			isa = PBXVariantGroup;
			children = (
				958208AC2CB6A1C000F8B4F2 /* Base */,
			);
			name = Main.storyboard;
			sourceTree = "<group>";
		};
/* End PBXVariantGroup section */

/* Begin XCBuildConfiguration section */
		958208A32CB6A1BD00F8B4F2 /* Debug */ = {
			isa = XCBuildConfiguration;
			baseConfigurationReference = AC38F3B69407A00C46EFC7ED /* Pods-MYLoggerExample.debug.xcconfig */;
			buildSettings = {
				ASSETCATALOG_COMPILER_APPICON_NAME = AppIcon;
				ASSETCATALOG_COMPILER_GLOBAL_ACCENT_COLOR_NAME = AccentColor;
				CODE_SIGN_STYLE = Automatic;
				CURRENT_PROJECT_VERSION = 1;
				ENABLE_USER_SCRIPT_SANDBOXING = NO;
				GENERATE_INFOPLIST_FILE = YES;
				INFOPLIST_FILE = MYLoggerExample/Info.plist;
				INFOPLIST_KEY_UIApplicationSupportsIndirectInputEvents = YES;
				INFOPLIST_KEY_UILaunchStoryboardName = LaunchScreen;
				INFOPLIST_KEY_UIMainStoryboardFile = Main;
				INFOPLIST_KEY_UISupportedInterfaceOrientations_iPad = "UIInterfaceOrientationPortrait UIInterfaceOrientationPortraitUpsideDown UIInterfaceOrientationLandscapeLeft UIInterfaceOrientationLandscapeRight";
				INFOPLIST_KEY_UISupportedInterfaceOrientations_iPhone = "UIInterfaceOrientationPortrait UIInterfaceOrientationLandscapeLeft UIInterfaceOrientationLandscapeRight";
				LD_RUNPATH_SEARCH_PATHS = (
					"$(inherited)",
					"@executable_path/Frameworks",
				);
				MARKETING_VERSION = 1.0;
				PRODUCT_BUNDLE_IDENTIFIER = com.testttt.com.MYLoggerExample;
				PRODUCT_NAME = "$(TARGET_NAME)";
				SWIFT_EMIT_LOC_STRINGS = YES;
				SWIFT_VERSION = 5.0;
				TARGETED_DEVICE_FAMILY = "1,2";
			};
			name = Debug;
		};
		958208A42CB6A1BD00F8B4F2 /* Release */ = {
			isa = XCBuildConfiguration;
			baseConfigurationReference = 0AFEEB8CBC34DA9A30A110A6 /* Pods-MYLoggerExample.release.xcconfig */;
			buildSettings = {
				ASSETCATALOG_COMPILER_APPICON_NAME = AppIcon;
				ASSETCATALOG_COMPILER_GLOBAL_ACCENT_COLOR_NAME = AccentColor;
				CODE_SIGN_STYLE = Automatic;
				CURRENT_PROJECT_VERSION = 1;
				ENABLE_USER_SCRIPT_SANDBOXING = NO;
				GENERATE_INFOPLIST_FILE = YES;
				INFOPLIST_FILE = MYLoggerExample/Info.plist;
				INFOPLIST_KEY_UIApplicationSupportsIndirectInputEvents = YES;
				INFOPLIST_KEY_UILaunchStoryboardName = LaunchScreen;
				INFOPLIST_KEY_UIMainStoryboardFile = Main;
				INFOPLIST_KEY_UISupportedInterfaceOrientations_iPad = "UIInterfaceOrientationPortrait UIInterfaceOrientationPortraitUpsideDown UIInterfaceOrientationLandscapeLeft UIInterfaceOrientationLandscapeRight";
				INFOPLIST_KEY_UISupportedInterfaceOrientations_iPhone = "UIInterfaceOrientationPortrait UIInterfaceOrientationLandscapeLeft UIInterfaceOrientationLandscapeRight";
				LD_RUNPATH_SEARCH_PATHS = (
					"$(inherited)",
					"@executable_path/Frameworks",
				);
				MARKETING_VERSION = 1.0;
				PRODUCT_BUNDLE_IDENTIFIER = com.testttt.com.MYLoggerExample;
				PRODUCT_NAME = "$(TARGET_NAME)";
				SWIFT_EMIT_LOC_STRINGS = YES;
				SWIFT_VERSION = 5.0;
				TARGETED_DEVICE_FAMILY = "1,2";
			};
			name = Release;
		};
		958208A52CB6A1BD00F8B4F2 /* Debug */ = {
			isa = XCBuildConfiguration;
			buildSettings = {
				ALWAYS_SEARCH_USER_PATHS = NO;
				ASSETCATALOG_COMPILER_GENERATE_SWIFT_ASSET_SYMBOL_EXTENSIONS = YES;
				CLANG_ANALYZER_NONNULL = YES;
				CLANG_ANALYZER_NUMBER_OBJECT_CONVERSION = YES_AGGRESSIVE;
				CLANG_CXX_LANGUAGE_STANDARD = "gnu++20";
				CLANG_ENABLE_MODULES = YES;
				CLANG_ENABLE_OBJC_ARC = YES;
				CLANG_ENABLE_OBJC_WEAK = YES;
				CLANG_WARN_BLOCK_CAPTURE_AUTORELEASING = YES;
				CLANG_WARN_BOOL_CONVERSION = YES;
				CLANG_WARN_COMMA = YES;
				CLANG_WARN_CONSTANT_CONVERSION = YES;
				CLANG_WARN_DEPRECATED_OBJC_IMPLEMENTATIONS = YES;
				CLANG_WARN_DIRECT_OBJC_ISA_USAGE = YES_ERROR;
				CLANG_WARN_DOCUMENTATION_COMMENTS = YES;
				CLANG_WARN_EMPTY_BODY = YES;
				CLANG_WARN_ENUM_CONVERSION = YES;
				CLANG_WARN_INFINITE_RECURSION = YES;
				CLANG_WARN_INT_CONVERSION = YES;
				CLANG_WARN_NON_LITERAL_NULL_CONVERSION = YES;
				CLANG_WARN_OBJC_IMPLICIT_RETAIN_SELF = YES;
				CLANG_WARN_OBJC_LITERAL_CONVERSION = YES;
				CLANG_WARN_OBJC_ROOT_CLASS = YES_ERROR;
				CLANG_WARN_QUOTED_INCLUDE_IN_FRAMEWORK_HEADER = YES;
				CLANG_WARN_RANGE_LOOP_ANALYSIS = YES;
				CLANG_WARN_STRICT_PROTOTYPES = YES;
				CLANG_WARN_SUSPICIOUS_MOVE = YES;
				CLANG_WARN_UNGUARDED_AVAILABILITY = YES_AGGRESSIVE;
				CLANG_WARN_UNREACHABLE_CODE = YES;
				CLANG_WARN__DUPLICATE_METHOD_MATCH = YES;
				COPY_PHASE_STRIP = NO;
				DEBUG_INFORMATION_FORMAT = dwarf;
				ENABLE_STRICT_OBJC_MSGSEND = YES;
				ENABLE_TESTABILITY = YES;
				ENABLE_USER_SCRIPT_SANDBOXING = YES;
				GCC_C_LANGUAGE_STANDARD = gnu17;
				GCC_DYNAMIC_NO_PIC = NO;
				GCC_NO_COMMON_BLOCKS = YES;
				GCC_OPTIMIZATION_LEVEL = 0;
				GCC_PREPROCESSOR_DEFINITIONS = (
					"DEBUG=1",
					"$(inherited)",
				);
				GCC_WARN_64_TO_32_BIT_CONVERSION = YES;
				GCC_WARN_ABOUT_RETURN_TYPE = YES_ERROR;
				GCC_WARN_UNDECLARED_SELECTOR = YES;
				GCC_WARN_UNINITIALIZED_AUTOS = YES_AGGRESSIVE;
				GCC_WARN_UNUSED_FUNCTION = YES;
				GCC_WARN_UNUSED_VARIABLE = YES;
				IPHONEOS_DEPLOYMENT_TARGET = 18.0;
				LOCALIZATION_PREFERS_STRING_CATALOGS = YES;
				MTL_ENABLE_DEBUG_INFO = INCLUDE_SOURCE;
				MTL_FAST_MATH = YES;
				ONLY_ACTIVE_ARCH = YES;
				SDKROOT = iphoneos;
				SWIFT_ACTIVE_COMPILATION_CONDITIONS = "DEBUG $(inherited)";
				SWIFT_OPTIMIZATION_LEVEL = "-Onone";
			};
			name = Debug;
		};
		958208A62CB6A1BD00F8B4F2 /* Release */ = {
			isa = XCBuildConfiguration;
			buildSettings = {
				ALWAYS_SEARCH_USER_PATHS = NO;
				ASSETCATALOG_COMPILER_GENERATE_SWIFT_ASSET_SYMBOL_EXTENSIONS = YES;
				CLANG_ANALYZER_NONNULL = YES;
				CLANG_ANALYZER_NUMBER_OBJECT_CONVERSION = YES_AGGRESSIVE;
				CLANG_CXX_LANGUAGE_STANDARD = "gnu++20";
				CLANG_ENABLE_MODULES = YES;
				CLANG_ENABLE_OBJC_ARC = YES;
				CLANG_ENABLE_OBJC_WEAK = YES;
				CLANG_WARN_BLOCK_CAPTURE_AUTORELEASING = YES;
				CLANG_WARN_BOOL_CONVERSION = YES;
				CLANG_WARN_COMMA = YES;
				CLANG_WARN_CONSTANT_CONVERSION = YES;
				CLANG_WARN_DEPRECATED_OBJC_IMPLEMENTATIONS = YES;
				CLANG_WARN_DIRECT_OBJC_ISA_USAGE = YES_ERROR;
				CLANG_WARN_DOCUMENTATION_COMMENTS = YES;
				CLANG_WARN_EMPTY_BODY = YES;
				CLANG_WARN_ENUM_CONVERSION = YES;
				CLANG_WARN_INFINITE_RECURSION = YES;
				CLANG_WARN_INT_CONVERSION = YES;
				CLANG_WARN_NON_LITERAL_NULL_CONVERSION = YES;
				CLANG_WARN_OBJC_IMPLICIT_RETAIN_SELF = YES;
				CLANG_WARN_OBJC_LITERAL_CONVERSION = YES;
				CLANG_WARN_OBJC_ROOT_CLASS = YES_ERROR;
				CLANG_WARN_QUOTED_INCLUDE_IN_FRAMEWORK_HEADER = YES;
				CLANG_WARN_RANGE_LOOP_ANALYSIS = YES;
				CLANG_WARN_STRICT_PROTOTYPES = YES;
				CLANG_WARN_SUSPICIOUS_MOVE = YES;
				CLANG_WARN_UNGUARDED_AVAILABILITY = YES_AGGRESSIVE;
				CLANG_WARN_UNREACHABLE_CODE = YES;
				CLANG_WARN__DUPLICATE_METHOD_MATCH = YES;
				COPY_PHASE_STRIP = NO;
				DEBUG_INFORMATION_FORMAT = "dwarf-with-dsym";
				ENABLE_NS_ASSERTIONS = NO;
				ENABLE_STRICT_OBJC_MSGSEND = YES;
				ENABLE_USER_SCRIPT_SANDBOXING = YES;
				GCC_C_LANGUAGE_STANDARD = gnu17;
				GCC_NO_COMMON_BLOCKS = YES;
				GCC_WARN_64_TO_32_BIT_CONVERSION = YES;
				GCC_WARN_ABOUT_RETURN_TYPE = YES_ERROR;
				GCC_WARN_UNDECLARED_SELECTOR = YES;
				GCC_WARN_UNINITIALIZED_AUTOS = YES_AGGRESSIVE;
				GCC_WARN_UNUSED_FUNCTION = YES;
				GCC_WARN_UNUSED_VARIABLE = YES;
				IPHONEOS_DEPLOYMENT_TARGET = 18.0;
				LOCALIZATION_PREFERS_STRING_CATALOGS = YES;
				MTL_ENABLE_DEBUG_INFO = NO;
				MTL_FAST_MATH = YES;
				SDKROOT = iphoneos;
				SWIFT_COMPILATION_MODE = wholemodule;
				VALIDATE_PRODUCT = YES;
			};
			name = Release;
		};
/* End XCBuildConfiguration section */

/* Begin XCConfigurationList section */
		9582088A2CB6A1BB00F8B4F2 /* Build configuration list for PBXProject "MYLoggerExample" */ = {
			isa = XCConfigurationList;
			buildConfigurations = (
				958208A52CB6A1BD00F8B4F2 /* Debug */,
				958208A62CB6A1BD00F8B4F2 /* Release */,
			);
			defaultConfigurationIsVisible = 0;
			defaultConfigurationName = Release;
		};
		958208A22CB6A1BD00F8B4F2 /* Build configuration list for PBXNativeTarget "MYLoggerExample" */ = {
			isa = XCConfigurationList;
			buildConfigurations = (
				958208A32CB6A1BD00F8B4F2 /* Debug */,
				958208A42CB6A1BD00F8B4F2 /* Release */,
			);
			defaultConfigurationIsVisible = 0;
			defaultConfigurationName = Release;
		};
/* End XCConfigurationList section */
	};
	rootObject = 958208872CB6A1BB00F8B4F2 /* Project object */;
}
